
Microsoft Visual Studio Solution File, Format Version 12.00
# Visual Studio Version 17
VisualStudioVersion = 17.3.32929.385
MinimumVisualStudioVersion = 10.0.40219.1
Project("{FAE04EC0-301F-11D3-BF4B-00C04F79EFBC}") = "EmployeePayroll", "EmployeePayroll.csproj", "{5438A4A4-3225-41C9-981F-E4C2705CFFEF}"
EndProject
Global
	GlobalSection(SolutionConfigurationPlatforms) = preSolution
		Debug|Any CPU = Debug|Any CPU
		Release|Any CPU = Release|Any CPU
	EndGlobalSection
	GlobalSection(ProjectConfigurationPlatforms) = postSolution
		{5438A4A4-3225-41C9-981F-E4C2705CFFEF}.Debug|Any CPU.ActiveCfg = Debug|Any CPU
		{5438A4A4-3225-41C9-981F-E4C2705CFFEF}.Debug|Any CPU.Build.0 = Debug|Any CPU
		{5438A4A4-3225-41C9-981F-E4C2705CFFEF}.Release|Any CPU.ActiveCfg = Release|Any CPU
		{5438A4A4-3225-41C9-981F-E4C2705CFFEF}.Release|Any CPU.Build.0 = Release|Any CPU
	EndGlobalSection
	GlobalSection(SolutionProperties) = preSolution
		HideSolutionNode = FALSE
	EndGlobalSection
	GlobalSection(ExtensibilityGlobals) = postSolution
		SolutionGuid = {B550474D-6306-4107-B4F5-6AA814FD0937}
	EndGlobalSection
EndGlobal
